
Microsoft Visual Studio Solution File, Format Version 12.00
# Visual Studio 15
Project("{FAE04EC0-301F-11D3-BF4B-00C04F79EFBC}") = "Laboratorio4", "Laboratorio4\Laboratorio4.csproj", "{4D88908A-1488-4BE1-8216-BBFD83A52606}"
EndProject
Global
	GlobalSection(SolutionConfigurationPlatforms) = preSolution
		Debug|Any CPU = Debug|Any CPU
		Release|Any CPU = Release|Any CPU
	EndGlobalSection
	GlobalSection(ProjectConfigurationPlatforms) = postSolution
		{4D88908A-1488-4BE1-8216-BBFD83A52606}.Debug|Any CPU.ActiveCfg = Debug|Any CPU
		{4D88908A-1488-4BE1-8216-BBFD83A52606}.Debug|Any CPU.Build.0 = Debug|Any CPU
		{4D88908A-1488-4BE1-8216-BBFD83A52606}.Release|Any CPU.ActiveCfg = Release|Any CPU
		{4D88908A-1488-4BE1-8216-BBFD83A52606}.Release|Any CPU.Build.0 = Release|Any CPU
	EndGlobalSection
EndGlobal
